{
  "originHash" : "c37086aca59057cd3f80df0fca327a53d26752701e36539d6d481b7bac368df2",
  "pins" : [
    {
      "identity" : "coredataevolution",
      "kind" : "remoteSourceControl",
      "location" : "https://github.com/fatbobman/CoreDataEvolution.git",
      "state" : {
        "revision" : "8a4f027ba2a79c58c844428b6d458d2008d284fe",
        "version" : "0.5.1"
      }
    },
    {
      "identity" : "swift-syntax",
      "kind" : "remoteSourceControl",
      "location" : "https://github.com/swiftlang/swift-syntax",
      "state" : {
        "revision" : "f99ae8aa18f0cf0d53481901f88a0991dc3bd4a2",
        "version" : "601.0.1"
      }
    }
  ],
  "version" : 3
}
